
Microsoft Visual Studio Solution File, Format Version 12.00
# Visual Studio Version 16
VisualStudioVersion = 16.0.29905.134
MinimumVisualStudioVersion = 10.0.40219.1
Project("{FAE04EC0-301F-11D3-BF4B-00C04F79EFBC}") = "DesktopApp", "DesktopApp\DesktopApp.csproj", "{696A8BFE-A6D9-43A3-98F5-A863CDA9A26B}"
EndProject
Project("{2150E333-8FDC-42A3-9474-1A3956D46DE8}") = "Lib", "Lib", "{8E1C1319-9C7F-4BDC-90E2-B9B381D685EA}"
	ProjectSection(SolutionItems) = preProject
		Lib\CefSharp.Core.dll = Lib\CefSharp.Core.dll
		Lib\CefSharp.dll = Lib\CefSharp.dll
		Lib\CefSharp.WinForms.dll = Lib\CefSharp.WinForms.dll
	EndProjectSection
EndProject
Project("{FAE04EC0-301F-11D3-BF4B-00C04F79EFBC}") = "Setup", "Setup\Setup.csproj", "{C0D277AC-7FFC-4E6D-A711-7D4C391A0BC6}"
EndProject
Project("{FAE04EC0-301F-11D3-BF4B-00C04F79EFBC}") = "Updater", "Updater\Updater.csproj", "{89BC9C84-B506-4845-91D3-EA0709A6C2AC}"
EndProject
Project("{FAE04EC0-301F-11D3-BF4B-00C04F79EFBC}") = "Confing", "Confing\Confing.csproj", "{3620187B-749F-480B-92BC-E26D10594B61}"
EndProject
Global
	GlobalSection(SolutionConfigurationPlatforms) = preSolution
		Debug|Any CPU = Debug|Any CPU
		Debug|x86 = Debug|x86
		Release|Any CPU = Release|Any CPU
		Release|x86 = Release|x86
	EndGlobalSection
	GlobalSection(ProjectConfigurationPlatforms) = postSolution
		{696A8BFE-A6D9-43A3-98F5-A863CDA9A26B}.Debug|Any CPU.ActiveCfg = Debug|x86
		{696A8BFE-A6D9-43A3-98F5-A863CDA9A26B}.Debug|Any CPU.Build.0 = Debug|x86
		{696A8BFE-A6D9-43A3-98F5-A863CDA9A26B}.Debug|x86.ActiveCfg = Debug|Any CPU
		{696A8BFE-A6D9-43A3-98F5-A863CDA9A26B}.Debug|x86.Build.0 = Debug|Any CPU
		{696A8BFE-A6D9-43A3-98F5-A863CDA9A26B}.Release|Any CPU.ActiveCfg = Release|x86
		{696A8BFE-A6D9-43A3-98F5-A863CDA9A26B}.Release|x86.ActiveCfg = Release|x86
		{696A8BFE-A6D9-43A3-98F5-A863CDA9A26B}.Release|x86.Build.0 = Release|x86
		{C0D277AC-7FFC-4E6D-A711-7D4C391A0BC6}.Debug|Any CPU.ActiveCfg = Debug|x86
		{C0D277AC-7FFC-4E6D-A711-7D4C391A0BC6}.Debug|x86.ActiveCfg = Debug|Any CPU
		{C0D277AC-7FFC-4E6D-A711-7D4C391A0BC6}.Debug|x86.Build.0 = Debug|Any CPU
		{C0D277AC-7FFC-4E6D-A711-7D4C391A0BC6}.Release|Any CPU.ActiveCfg = Release|x86
		{C0D277AC-7FFC-4E6D-A711-7D4C391A0BC6}.Release|x86.ActiveCfg = Release|x86
		{C0D277AC-7FFC-4E6D-A711-7D4C391A0BC6}.Release|x86.Build.0 = Release|x86
		{89BC9C84-B506-4845-91D3-EA0709A6C2AC}.Debug|Any CPU.ActiveCfg = Debug|x86
		{89BC9C84-B506-4845-91D3-EA0709A6C2AC}.Debug|x86.ActiveCfg = Debug|Any CPU
		{89BC9C84-B506-4845-91D3-EA0709A6C2AC}.Debug|x86.Build.0 = Debug|Any CPU
		{89BC9C84-B506-4845-91D3-EA0709A6C2AC}.Release|Any CPU.ActiveCfg = Release|x86
		{89BC9C84-B506-4845-91D3-EA0709A6C2AC}.Release|x86.ActiveCfg = Release|x86
		{89BC9C84-B506-4845-91D3-EA0709A6C2AC}.Release|x86.Build.0 = Release|x86
		{3620187B-749F-480B-92BC-E26D10594B61}.Debug|Any CPU.ActiveCfg = Debug|Any CPU
		{3620187B-749F-480B-92BC-E26D10594B61}.Debug|Any CPU.Build.0 = Debug|Any CPU
		{3620187B-749F-480B-92BC-E26D10594B61}.Debug|x86.ActiveCfg = Debug|Any CPU
		{3620187B-749F-480B-92BC-E26D10594B61}.Debug|x86.Build.0 = Debug|Any CPU
		{3620187B-749F-480B-92BC-E26D10594B61}.Release|Any CPU.ActiveCfg = Release|Any CPU
		{3620187B-749F-480B-92BC-E26D10594B61}.Release|Any CPU.Build.0 = Release|Any CPU
		{3620187B-749F-480B-92BC-E26D10594B61}.Release|x86.ActiveCfg = Release|Any CPU
		{3620187B-749F-480B-92BC-E26D10594B61}.Release|x86.Build.0 = Release|Any CPU
	EndGlobalSection
	GlobalSection(SolutionProperties) = preSolution
		HideSolutionNode = FALSE
	EndGlobalSection
	GlobalSection(ExtensibilityGlobals) = postSolution
		SolutionGuid = {9D4FCFAC-556D-4F83-BDF9-265FB1AB5DF2}
	EndGlobalSection
EndGlobal
